{
  "originHash" : "501a106a445764fd2830aa42a48639c13983989da07e8438e260e8b63462305b",
  "pins" : [
    {
      "identity" : "swiftcsv",
      "kind" : "remoteSourceControl",
      "location" : "https://github.com/swiftcsv/SwiftCSV",
      "state" : {
        "revision" : "6ab5d0fe9b6ef3c79d717eefa70862df389e74d9",
        "version" : "0.10.0"
      }
    },
    {
      "identity" : "swiftseventv",
      "kind" : "remoteSourceControl",
      "location" : "https://github.com/soyfaii/swiftseventv",
      "state" : {
        "revision" : "4f5936122f5f8b5bfc789fc6c2eeb27c59072382",
        "version" : "0.1.1"
      }
    }
  ],
  "version" : 3
}
